Microsoft Visual Studio Solution File, Format Version 11.00
# Visual Studio 2008

Project("{2B837E27-AB82-EA8F-A787-326C3F5EA701}") = "OneShot_v0.2", "Assembly-CSharp.csproj", "{5ACCF472-8207-467A-14C4-3EAB224DB328}"
EndProject
Global
	GlobalSection(SolutionConfigurationPlatforms) = preSolution
		Debug|Any CPU = Debug|Any CPU
		Release|Any CPU = Release|Any CPU
	EndGlobalSection
	GlobalSection(ProjectConfigurationPlatforms) = postSolution
		{5ACCF472-8207-467A-14C4-3EAB224DB328}.Debug|Any CPU.ActiveCfg = Debug|Any CPU
		{5ACCF472-8207-467A-14C4-3EAB224DB328}.Debug|Any CPU.Build.0 = Debug|Any CPU
		{5ACCF472-8207-467A-14C4-3EAB224DB328}.Release|Any CPU.ActiveCfg = Release|Any CPU
		{5ACCF472-8207-467A-14C4-3EAB224DB328}.Release|Any CPU.Build.0 = Release|Any CPU
	EndGlobalSection
	GlobalSection(SolutionProperties) = preSolution
		HideSolutionNode = FALSE
	EndGlobalSection
	GlobalSection(MonoDevelopProperties) = preSolution
		StartupItem = Assembly-CSharp.csproj
	EndGlobalSection
EndGlobal
